
Microsoft Visual Studio Solution File, Format Version 12.00
# Visual Studio Version 17
VisualStudioVersion = 17.0.31903.59
MinimumVisualStudioVersion = 10.0.40219.1
Project("{2150E333-8FDC-42A3-9474-1A3956D46DE8}") = "0-API", "0-API", "{54491F33-7872-6933-C54F-AE6D9DFA2FFE}"
EndProject
Project("{2150E333-8FDC-42A3-9474-1A3956D46DE8}") = "1-BUSINESS", "1-BUSINESS", "{04FA0A3C-9211-F153-207B-2076382FD065}"
EndProject
Project("{2150E333-8FDC-42A3-9474-1A3956D46DE8}") = "2-DATA", "2-DATA", "{0CE9F7A3-CA15-7905-885B-65DB9AC4B0B6}"
EndProject
Project("{FAE04EC0-301F-11D3-BF4B-00C04F79EFBC}") = "Ofernandoavila.Mailman.Api", "src\Ofernandoavila.Mailman.Api\Ofernandoavila.Mailman.Api.csproj", "{29F4DD67-54CE-4E5F-96DD-36B7B403E639}"
EndProject
Project("{FAE04EC0-301F-11D3-BF4B-00C04F79EFBC}") = "Ofernandoavila.Mailman.Business", "src\Ofernandoavila.Mailman.Business\Ofernandoavila.Mailman.Business.csproj", "{5B6EDA8D-B1E4-4BA2-9F91-85DBE9DAE1D3}"
EndProject
Project("{FAE04EC0-301F-11D3-BF4B-00C04F79EFBC}") = "Ofernandoavila.Mailman.Data", "src\Ofernandoavila.Mailman.Data\Ofernandoavila.Mailman.Data.csproj", "{3BAEDB68-25AF-487B-A6FD-B865B3063EDA}"
EndProject
Global
	GlobalSection(SolutionConfigurationPlatforms) = preSolution
		Debug|Any CPU = Debug|Any CPU
		Release|Any CPU = Release|Any CPU
	EndGlobalSection
	GlobalSection(SolutionProperties) = preSolution
		HideSolutionNode = FALSE
	EndGlobalSection
	GlobalSection(ProjectConfigurationPlatforms) = postSolution
		{29F4DD67-54CE-4E5F-96DD-36B7B403E639}.Debug|Any CPU.ActiveCfg = Debug|Any CPU
		{29F4DD67-54CE-4E5F-96DD-36B7B403E639}.Debug|Any CPU.Build.0 = Debug|Any CPU
		{29F4DD67-54CE-4E5F-96DD-36B7B403E639}.Release|Any CPU.ActiveCfg = Release|Any CPU
		{29F4DD67-54CE-4E5F-96DD-36B7B403E639}.Release|Any CPU.Build.0 = Release|Any CPU
		{5B6EDA8D-B1E4-4BA2-9F91-85DBE9DAE1D3}.Debug|Any CPU.ActiveCfg = Debug|Any CPU
		{5B6EDA8D-B1E4-4BA2-9F91-85DBE9DAE1D3}.Debug|Any CPU.Build.0 = Debug|Any CPU
		{5B6EDA8D-B1E4-4BA2-9F91-85DBE9DAE1D3}.Release|Any CPU.ActiveCfg = Release|Any CPU
		{5B6EDA8D-B1E4-4BA2-9F91-85DBE9DAE1D3}.Release|Any CPU.Build.0 = Release|Any CPU
		{3BAEDB68-25AF-487B-A6FD-B865B3063EDA}.Debug|Any CPU.ActiveCfg = Debug|Any CPU
		{3BAEDB68-25AF-487B-A6FD-B865B3063EDA}.Debug|Any CPU.Build.0 = Debug|Any CPU
		{3BAEDB68-25AF-487B-A6FD-B865B3063EDA}.Release|Any CPU.ActiveCfg = Release|Any CPU
		{3BAEDB68-25AF-487B-A6FD-B865B3063EDA}.Release|Any CPU.Build.0 = Release|Any CPU
	EndGlobalSection
	GlobalSection(NestedProjects) = preSolution
		{29F4DD67-54CE-4E5F-96DD-36B7B403E639} = {54491F33-7872-6933-C54F-AE6D9DFA2FFE}
		{5B6EDA8D-B1E4-4BA2-9F91-85DBE9DAE1D3} = {04FA0A3C-9211-F153-207B-2076382FD065}
		{3BAEDB68-25AF-487B-A6FD-B865B3063EDA} = {0CE9F7A3-CA15-7905-885B-65DB9AC4B0B6}
	EndGlobalSection
EndGlobal
